{
  "lockfile-version": 1,
  "manifest": {
    "version": 1,
    "install": {
      "home-manager": {
        "pkg-path": "home-manager"
      },
      "keychain": {
        "pkg-path": "keychain"
      },
      "linux-builder": {
        "pkg-path": "darwin.linux-builder",
        "systems": [
          "aarch64-darwin",
          "x86_64-darwin"
        ]
      },
      "nix-tree": {
        "pkg-path": "nix-tree"
      },
      "nixd": {
        "pkg-path": "nixd"
      },
      "nixtract": {
        "pkg-path": "nixtract"
      },
      "nvfetcher": {
        "pkg-path": "nvfetcher"
      },
      "pass": {
        "pkg-path": "pass"
      },
      "pstree": {
        "pkg-path": "pstree"
      }
    },
    "hook": {},
    "profile": {},
    "options": {
      "systems": [
        "aarch64-darwin",
        "aarch64-linux",
        "x86_64-darwin",
        "x86_64-linux"
      ]
    }
  },
  "packages": [
    {
      "attr_path": "home-manager",
      "broken": false,
      "derivation": "/nix/store/ndmqvh2iqr382y9rvabn6ywcv4zx0zsp-home-manager-0-unstable-2025-07-28.drv",
      "description": "Nix-based user environment configurator",
      "install_id": "home-manager",
      "license": "MIT",
      "locked_url": "https://github.com/flox/nixpkgs?rev=5b09dc45f24cf32316283e62aec81ffee3c3e376",
      "name": "home-manager-0-unstable-2025-07-28",
      "pname": "home-manager",
      "rev": "5b09dc45f24cf32316283e62aec81ffee3c3e376",
      "rev_count": 838708,
      "rev_date": "2025-08-03T09:47:33Z",
      "scrape_date": "2025-08-05T00:29:21.661029Z",
      "stabilities": [
        "unstable"
      ],
      "unfree": false,
      "version": "2025-07-28",
      "outputs_to_install": [
        "out"
      ],
      "outputs": {
        "out": "/nix/store/3r80b60iqhb9xs7ks0sna4w6w2pzrk8j-home-manager-0-unstable-2025-07-28"
      },
      "system": "aarch64-darwin",
      "group": "toplevel",
      "priority": 5
    },
    {
      "attr_path": "home-manager",
      "broken": false,
      "derivation": "/nix/store/ichk9kzq511nsd6jd0184qvfw98dxdw7-home-manager-0-unstable-2025-07-28.drv",
      "description": "Nix-based user environment configurator",
      "install_id": "home-manager",
      "license": "MIT",
      "locked_url": "https://github.com/flox/nixpkgs?rev=5b09dc45f24cf32316283e62aec81ffee3c3e376",
      "name": "home-manager-0-unstable-2025-07-28",
      "pname": "home-manager",
      "rev": "5b09dc45f24cf32316283e62aec81ffee3c3e376",
      "rev_count": 838708,
      "rev_date": "2025-08-03T09:47:33Z",
      "scrape_date": "2025-08-05T00:49:16.930237Z",
      "stabilities": [
        "unstable"
      ],
      "unfree": false,
      "version": "2025-07-28",
      "outputs_to_install": [
        "out"
      ],
      "outputs": {
        "out": "/nix/store/39iy2ks2j7b4vb494049am69mnw2bkrq-home-manager-0-unstable-2025-07-28"
      },
      "system": "aarch64-linux",
      "group": "toplevel",
      "priority": 5
    },
    {
      "attr_path": "home-manager",
      "broken": false,
      "derivation": "/nix/store/qhgkwkg30cw7gj62752bsmf2j5fidzbx-home-manager-0-unstable-2025-07-28.drv",
      "description": "Nix-based user environment configurator",
      "install_id": "home-manager",
      "license": "MIT",
      "locked_url": "https://github.com/flox/nixpkgs?rev=5b09dc45f24cf32316283e62aec81ffee3c3e376",
      "name": "home-manager-0-unstable-2025-07-28",
      "pname": "home-manager",
      "rev": "5b09dc45f24cf32316283e62aec81ffee3c3e376",
      "rev_count": 838708,
      "rev_date": "2025-08-03T09:47:33Z",
      "scrape_date": "2025-08-05T01:08:49.851893Z",
      "stabilities": [
        "unstable"
      ],
      "unfree": false,
      "version": "2025-07-28",
      "outputs_to_install": [
        "out"
      ],
      "outputs": {
        "out": "/nix/store/618gn63kazl0j4cz5kl2y6dmgi5bvps1-home-manager-0-unstable-2025-07-28"
      },
      "system": "x86_64-darwin",
      "group": "toplevel",
      "priority": 5
    },
    {
      "attr_path": "home-manager",
      "broken": false,
      "derivation": "/nix/store/618ns3i1a61br2p0rwp25q8nvwq92fsm-home-manager-0-unstable-2025-07-28.drv",
      "description": "Nix-based user environment configurator",
      "install_id": "home-manager",
      "license": "MIT",
      "locked_url": "https://github.com/flox/nixpkgs?rev=5b09dc45f24cf32316283e62aec81ffee3c3e376",
      "name": "home-manager-0-unstable-2025-07-28",
      "pname": "home-manager",
      "rev": "5b09dc45f24cf32316283e62aec81ffee3c3e376",
      "rev_count": 838708,
      "rev_date": "2025-08-03T09:47:33Z",
      "scrape_date": "2025-08-05T01:33:00.006194Z",
      "stabilities": [
        "unstable"
      ],
      "unfree": false,
      "version": "2025-07-28",
      "outputs_to_install": [
        "out"
      ],
      "outputs": {
        "out": "/nix/store/f1l46f9qrkksz4wbnjhk32an49vnssp9-home-manager-0-unstable-2025-07-28"
      },
      "system": "x86_64-linux",
      "group": "toplevel",
      "priority": 5
    },
    {
      "attr_path": "keychain",
      "broken": false,
      "derivation": "/nix/store/86rr7jzd6ds1kz5xdh1xyp71vj3wnnb3-keychain-2.9.5.drv",
      "description": "Keychain management tool",
      "install_id": "keychain",
      "license": "GPL-2.0-only",
      "locked_url": "https://github.com/flox/nixpkgs?rev=5b09dc45f24cf32316283e62aec81ffee3c3e376",
      "name": "keychain-2.9.5",
      "pname": "keychain",
      "rev": "5b09dc45f24cf32316283e62aec81ffee3c3e376",
      "rev_count": 838708,
      "rev_date": "2025-08-03T09:47:33Z",
      "scrape_date": "2025-08-05T00:29:22.001095Z",
      "stabilities": [
        "unstable"
      ],
      "unfree": false,
      "version": "2.9.5",
      "outputs_to_install": [
        "out"
      ],
      "outputs": {
        "out": "/nix/store/yqc8vmqi237gnpqn56im1smxmn2hq105-keychain-2.9.5"
      },
      "system": "aarch64-darwin",
      "group": "toplevel",
      "priority": 5
    },
    {
      "attr_path": "keychain",
      "broken": false,
      "derivation": "/nix/store/svxahk1hq0ik3ihxgc6y13r9c8z3msnn-keychain-2.9.5.drv",
      "description": "Keychain management tool",
      "install_id": "keychain",
      "license": "GPL-2.0-only",
      "locked_url": "https://github.com/flox/nixpkgs?rev=5b09dc45f24cf32316283e62aec81ffee3c3e376",
      "name": "keychain-2.9.5",
      "pname": "keychain",
      "rev": "5b09dc45f24cf32316283e62aec81ffee3c3e376",
      "rev_count": 838708,
      "rev_date": "2025-08-03T09:47:33Z",
      "scrape_date": "2025-08-05T00:49:17.832314Z",
      "stabilities": [
        "unstable"
      ],
      "unfree": false,
      "version": "2.9.5",
      "outputs_to_install": [
        "out"
      ],
      "outputs": {
        "out": "/nix/store/x3vsc30fcmhd6rlh05n6ddrracrawni6-keychain-2.9.5"
      },
      "system": "aarch64-linux",
      "group": "toplevel",
      "priority": 5
    },
    {
      "attr_path": "keychain",
      "broken": false,
      "derivation": "/nix/store/65sgw6n7wz8hfa0h04cgr2bkfw2liyiy-keychain-2.9.5.drv",
      "description": "Keychain management tool",
      "install_id": "keychain",
      "license": "GPL-2.0-only",
      "locked_url": "https://github.com/flox/nixpkgs?rev=5b09dc45f24cf32316283e62aec81ffee3c3e376",
      "name": "keychain-2.9.5",
      "pname": "keychain",
      "rev": "5b09dc45f24cf32316283e62aec81ffee3c3e376",
      "rev_count": 838708,
      "rev_date": "2025-08-03T09:47:33Z",
      "scrape_date": "2025-08-05T01:08:50.199056Z",
      "stabilities": [
        "unstable"
      ],
      "unfree": false,
      "version": "2.9.5",
      "outputs_to_install": [
        "out"
      ],
      "outputs": {
        "out": "/nix/store/2zw16v05ha8k0fr1qnk41kn3m5nw7fjq-keychain-2.9.5"
      },
      "system": "x86_64-darwin",
      "group": "toplevel",
      "priority": 5
    },
    {
      "attr_path": "keychain",
      "broken": false,
      "derivation": "/nix/store/i91s7xg0ii17axxnp2p547ppg8ymj0gy-keychain-2.9.5.drv",
      "description": "Keychain management tool",
      "install_id": "keychain",
      "license": "GPL-2.0-only",
      "locked_url": "https://github.com/flox/nixpkgs?rev=5b09dc45f24cf32316283e62aec81ffee3c3e376",
      "name": "keychain-2.9.5",
      "pname": "keychain",
      "rev": "5b09dc45f24cf32316283e62aec81ffee3c3e376",
      "rev_count": 838708,
      "rev_date": "2025-08-03T09:47:33Z",
      "scrape_date": "2025-08-05T01:33:00.994022Z",
      "stabilities": [
        "unstable"
      ],
      "unfree": false,
      "version": "2.9.5",
      "outputs_to_install": [
        "out"
      ],
      "outputs": {
        "out": "/nix/store/i1a28sx76vglplsqj8zsw4h8gh0qfcih-keychain-2.9.5"
      },
      "system": "x86_64-linux",
      "group": "toplevel",
      "priority": 5
    },
    {
      "attr_path": "darwin.linux-builder",
      "broken": false,
      "derivation": "/nix/store/j2qafh2ygxhb7xy6kg380rn79mvkf9pz-create-builder.drv",
      "install_id": "linux-builder",
      "locked_url": "https://github.com/flox/nixpkgs?rev=5b09dc45f24cf32316283e62aec81ffee3c3e376",
      "name": "create-builder",
      "pname": "linux-builder",
      "rev": "5b09dc45f24cf32316283e62aec81ffee3c3e376",
      "rev_count": 838708,
      "rev_date": "2025-08-03T09:47:33Z",
      "scrape_date": "2025-08-05T00:30:33.527803Z",
      "stabilities": [
        "unstable"
      ],
      "unfree": false,
      "version": "create-builder",
      "outputs_to_install": [
        "out"
      ],
      "outputs": {
        "out": "/nix/store/nd2f2qfi9kixxlpfzdfbzwhhcv6scx20-create-builder"
      },
      "system": "aarch64-darwin",
      "group": "toplevel",
      "priority": 5
    },
    {
      "attr_path": "darwin.linux-builder",
      "broken": false,
      "derivation": "/nix/store/hyvfb54j40dqkyp716m9nqlw18npwnfs-create-builder.drv",
      "install_id": "linux-builder",
      "locked_url": "https://github.com/flox/nixpkgs?rev=5b09dc45f24cf32316283e62aec81ffee3c3e376",
      "name": "create-builder",
      "pname": "linux-builder",
      "rev": "5b09dc45f24cf32316283e62aec81ffee3c3e376",
      "rev_count": 838708,
      "rev_date": "2025-08-03T09:47:33Z",
      "scrape_date": "2025-08-05T01:10:01.012261Z",
      "stabilities": [
        "unstable"
      ],
      "unfree": false,
      "version": "create-builder",
      "outputs_to_install": [
        "out"
      ],
      "outputs": {
        "out": "/nix/store/r4vzll5c1pphxgpwx7hdrhlfas3iqh7k-create-builder"
      },
      "system": "x86_64-darwin",
      "group": "toplevel",
      "priority": 5
    },
    {
      "attr_path": "nix-tree",
      "broken": false,
      "derivation": "/nix/store/zxbsqb6giwrpablr8z59qx040bqf5k46-nix-tree-0.6.3.drv",
      "description": "Interactively browse a Nix store paths dependencies",
      "install_id": "nix-tree",
      "license": "BSD-3-Clause",
      "locked_url": "https://github.com/flox/nixpkgs?rev=5b09dc45f24cf32316283e62aec81ffee3c3e376",
      "name": "nix-tree-0.6.3",
      "pname": "nix-tree",
      "rev": "5b09dc45f24cf32316283e62aec81ffee3c3e376",
      "rev_count": 838708,
      "rev_date": "2025-08-03T09:47:33Z",
      "scrape_date": "2025-08-05T00:29:23.925505Z",
      "stabilities": [
        "unstable"
      ],
      "unfree": false,
      "version": "0.6.3",
      "outputs_to_install": [
        "out"
      ],
      "outputs": {
        "out": "/nix/store/rd7i1qibb4yg8a9gm2gynvkzklz8m8zp-nix-tree-0.6.3"
      },
      "system": "aarch64-darwin",
      "group": "toplevel",
      "priority": 5
    },
    {
      "attr_path": "nix-tree",
      "broken": false,
      "derivation": "/nix/store/m56hw6cwawny471m3xk6dwvm1m8igjki-nix-tree-0.6.3.drv",
      "description": "Interactively browse a Nix store paths dependencies",
      "install_id": "nix-tree",
      "license": "BSD-3-Clause",
      "locked_url": "https://github.com/flox/nixpkgs?rev=5b09dc45f24cf32316283e62aec81ffee3c3e376",
      "name": "nix-tree-0.6.3",
      "pname": "nix-tree",
      "rev": "5b09dc45f24cf32316283e62aec81ffee3c3e376",
      "rev_count": 838708,
      "rev_date": "2025-08-03T09:47:33Z",
      "scrape_date": "2025-08-05T00:49:25.051284Z",
      "stabilities": [
        "unstable"
      ],
      "unfree": false,
      "version": "0.6.3",
      "outputs_to_install": [
        "out"
      ],
      "outputs": {
        "out": "/nix/store/vxng16rhxgq1zby6iw58kxgii1klc189-nix-tree-0.6.3"
      },
      "system": "aarch64-linux",
      "group": "toplevel",
      "priority": 5
    },
    {
      "attr_path": "nix-tree",
      "broken": false,
      "derivation": "/nix/store/j55rgzwkfb7bi2inj6sx97xjzrjp4msm-nix-tree-0.6.3.drv",
      "description": "Interactively browse a Nix store paths dependencies",
      "install_id": "nix-tree",
      "license": "BSD-3-Clause",
      "locked_url": "https://github.com/flox/nixpkgs?rev=5b09dc45f24cf32316283e62aec81ffee3c3e376",
      "name": "nix-tree-0.6.3",
      "pname": "nix-tree",
      "rev": "5b09dc45f24cf32316283e62aec81ffee3c3e376",
      "rev_count": 838708,
      "rev_date": "2025-08-03T09:47:33Z",
      "scrape_date": "2025-08-05T01:08:52.147151Z",
      "stabilities": [
        "unstable"
      ],
      "unfree": false,
      "version": "0.6.3",
      "outputs_to_install": [
        "out"
      ],
      "outputs": {
        "out": "/nix/store/sqnxaz3i5gp7rn679fpriqk2ginnicrw-nix-tree-0.6.3"
      },
      "system": "x86_64-darwin",
      "group": "toplevel",
      "priority": 5
    },
    {
      "attr_path": "nix-tree",
      "broken": false,
      "derivation": "/nix/store/b595fz4fib9dv5551l3hxzcwaf8bl24a-nix-tree-0.6.3.drv",
      "description": "Interactively browse a Nix store paths dependencies",
      "install_id": "nix-tree",
      "license": "BSD-3-Clause",
      "locked_url": "https://github.com/flox/nixpkgs?rev=5b09dc45f24cf32316283e62aec81ffee3c3e376",
      "name": "nix-tree-0.6.3",
      "pname": "nix-tree",
      "rev": "5b09dc45f24cf32316283e62aec81ffee3c3e376",
      "rev_count": 838708,
      "rev_date": "2025-08-03T09:47:33Z",
      "scrape_date": "2025-08-05T01:33:09.741852Z",
      "stabilities": [
        "unstable"
      ],
      "unfree": false,
      "version": "0.6.3",
      "outputs_to_install": [
        "out"
      ],
      "outputs": {
        "out": "/nix/store/vl7kbw31bfybr19bj04i4bijv01wh319-nix-tree-0.6.3"
      },
      "system": "x86_64-linux",
      "group": "toplevel",
      "priority": 5
    },
    {
      "attr_path": "nixd",
      "broken": false,
      "derivation": "/nix/store/wgyn333hdxjyr660r5amy4w4cbcyb2g3-nixd-2.6.4.drv",
      "description": "Feature-rich Nix language server interoperating with C++ nix",
      "install_id": "nixd",
      "license": "LGPL-3.0-or-later",
      "locked_url": "https://github.com/flox/nixpkgs?rev=5b09dc45f24cf32316283e62aec81ffee3c3e376",
      "name": "nixd-2.6.4",
      "pname": "nixd",
      "rev": "5b09dc45f24cf32316283e62aec81ffee3c3e376",
      "rev_count": 838708,
      "rev_date": "2025-08-03T09:47:33Z",
      "scrape_date": "2025-08-05T00:29:23.937872Z",
      "stabilities": [
        "unstable"
      ],
      "unfree": false,
      "version": "2.6.4",
      "outputs_to_install": [
        "out"
      ],
      "outputs": {
        "out": "/nix/store/j0llqgg463by3xs5y8f33agnaiwrnlcd-nixd-2.6.4"
      },
      "system": "aarch64-darwin",
      "group": "toplevel",
      "priority": 5
    },
    {
      "attr_path": "nixd",
      "broken": false,
      "derivation": "/nix/store/llch75560blma3n9v7n7815hpk84jmqr-nixd-2.6.4.drv",
      "description": "Feature-rich Nix language server interoperating with C++ nix",
      "install_id": "nixd",
      "license": "LGPL-3.0-or-later",
      "locked_url": "https://github.com/flox/nixpkgs?rev=5b09dc45f24cf32316283e62aec81ffee3c3e376",
      "name": "nixd-2.6.4",
      "pname": "nixd",
      "rev": "5b09dc45f24cf32316283e62aec81ffee3c3e376",
      "rev_count": 838708,
      "rev_date": "2025-08-03T09:47:33Z",
      "scrape_date": "2025-08-05T00:49:25.073373Z",
      "stabilities": [
        "unstable"
      ],
      "unfree": false,
      "version": "2.6.4",
      "outputs_to_install": [
        "out"
      ],
      "outputs": {
        "out": "/nix/store/06y6r1a2qmx4l1d150h7xzwmaa43f6bd-nixd-2.6.4"
      },
      "system": "aarch64-linux",
      "group": "toplevel",
      "priority": 5
    },
    {
      "attr_path": "nixd",
      "broken": false,
      "derivation": "/nix/store/jbnhfbmjqwzs5wzpd1jd996n8wd69s59-nixd-2.6.4.drv",
      "description": "Feature-rich Nix language server interoperating with C++ nix",
      "install_id": "nixd",
      "license": "LGPL-3.0-or-later",
      "locked_url": "https://github.com/flox/nixpkgs?rev=5b09dc45f24cf32316283e62aec81ffee3c3e376",
      "name": "nixd-2.6.4",
      "pname": "nixd",
      "rev": "5b09dc45f24cf32316283e62aec81ffee3c3e376",
      "rev_count": 838708,
      "rev_date": "2025-08-03T09:47:33Z",
      "scrape_date": "2025-08-05T01:08:52.159656Z",
      "stabilities": [
        "unstable"
      ],
      "unfree": false,
      "version": "2.6.4",
      "outputs_to_install": [
        "out"
      ],
      "outputs": {
        "out": "/nix/store/8m72inc0ryv6xz2k246rawj161lj31i6-nixd-2.6.4"
      },
      "system": "x86_64-darwin",
      "group": "toplevel",
      "priority": 5
    },
    {
      "attr_path": "nixd",
      "broken": false,
      "derivation": "/nix/store/wrr7ifdmda9mpkp9g2k2f9a1k2bxipcg-nixd-2.6.4.drv",
      "description": "Feature-rich Nix language server interoperating with C++ nix",
      "install_id": "nixd",
      "license": "LGPL-3.0-or-later",
      "locked_url": "https://github.com/flox/nixpkgs?rev=5b09dc45f24cf32316283e62aec81ffee3c3e376",
      "name": "nixd-2.6.4",
      "pname": "nixd",
      "rev": "5b09dc45f24cf32316283e62aec81ffee3c3e376",
      "rev_count": 838708,
      "rev_date": "2025-08-03T09:47:33Z",
      "scrape_date": "2025-08-05T01:33:09.765589Z",
      "stabilities": [
        "unstable"
      ],
      "unfree": false,
      "version": "2.6.4",
      "outputs_to_install": [
        "out"
      ],
      "outputs": {
        "out": "/nix/store/ahyp156gm3ldsq2xypz01mwwwsvy3jgd-nixd-2.6.4"
      },
      "system": "x86_64-linux",
      "group": "toplevel",
      "priority": 5
    },
    {
      "attr_path": "nixtract",
      "broken": false,
      "derivation": "/nix/store/b4lw9zn3vr6hb9j4aw8adfg04zx3qxyg-nixtract-0.3.0.drv",
      "description": "CLI tool to extract the graph of derivations from a Nix flake",
      "install_id": "nixtract",
      "license": "[ MIT, Apache-2.0 ]",
      "locked_url": "https://github.com/flox/nixpkgs?rev=5b09dc45f24cf32316283e62aec81ffee3c3e376",
      "name": "nixtract-0.3.0",
      "pname": "nixtract",
      "rev": "5b09dc45f24cf32316283e62aec81ffee3c3e376",
      "rev_count": 838708,
      "rev_date": "2025-08-03T09:47:33Z",
      "scrape_date": "2025-08-05T00:29:23.957623Z",
      "stabilities": [
        "unstable"
      ],
      "unfree": false,
      "version": "0.3.0",
      "outputs_to_install": [
        "out"
      ],
      "outputs": {
        "out": "/nix/store/0d91y5881qshpiychm63mbpn2d1j02kx-nixtract-0.3.0"
      },
      "system": "aarch64-darwin",
      "group": "toplevel",
      "priority": 5
    },
    {
      "attr_path": "nixtract",
      "broken": false,
      "derivation": "/nix/store/plxvna826wrgbr0aha409nks3vh9ip82-nixtract-0.3.0.drv",
      "description": "CLI tool to extract the graph of derivations from a Nix flake",
      "install_id": "nixtract",
      "license": "[ MIT, Apache-2.0 ]",
      "locked_url": "https://github.com/flox/nixpkgs?rev=5b09dc45f24cf32316283e62aec81ffee3c3e376",
      "name": "nixtract-0.3.0",
      "pname": "nixtract",
      "rev": "5b09dc45f24cf32316283e62aec81ffee3c3e376",
      "rev_count": 838708,
      "rev_date": "2025-08-03T09:47:33Z",
      "scrape_date": "2025-08-05T00:49:25.115045Z",
      "stabilities": [
        "unstable"
      ],
      "unfree": false,
      "version": "0.3.0",
      "outputs_to_install": [
        "out"
      ],
      "outputs": {
        "out": "/nix/store/x287hcvp2b42bdimzc6m6l03r7ncivld-nixtract-0.3.0"
      },
      "system": "aarch64-linux",
      "group": "toplevel",
      "priority": 5
    },
    {
      "attr_path": "nixtract",
      "broken": false,
      "derivation": "/nix/store/56acp48mirz7gd9sqgdxr2q136rlg6mi-nixtract-0.3.0.drv",
      "description": "CLI tool to extract the graph of derivations from a Nix flake",
      "install_id": "nixtract",
      "license": "[ MIT, Apache-2.0 ]",
      "locked_url": "https://github.com/flox/nixpkgs?rev=5b09dc45f24cf32316283e62aec81ffee3c3e376",
      "name": "nixtract-0.3.0",
      "pname": "nixtract",
      "rev": "5b09dc45f24cf32316283e62aec81ffee3c3e376",
      "rev_count": 838708,
      "rev_date": "2025-08-03T09:47:33Z",
      "scrape_date": "2025-08-05T01:08:52.179632Z",
      "stabilities": [
        "unstable"
      ],
      "unfree": false,
      "version": "0.3.0",
      "outputs_to_install": [
        "out"
      ],
      "outputs": {
        "out": "/nix/store/qfnbvmmfwy0pw3z9y28h8avb89srpj0y-nixtract-0.3.0"
      },
      "system": "x86_64-darwin",
      "group": "toplevel",
      "priority": 5
    },
    {
      "attr_path": "nixtract",
      "broken": false,
      "derivation": "/nix/store/5m947r0q0zsmj3mx0piz9mblnyh1rfsp-nixtract-0.3.0.drv",
      "description": "CLI tool to extract the graph of derivations from a Nix flake",
      "install_id": "nixtract",
      "license": "[ MIT, Apache-2.0 ]",
      "locked_url": "https://github.com/flox/nixpkgs?rev=5b09dc45f24cf32316283e62aec81ffee3c3e376",
      "name": "nixtract-0.3.0",
      "pname": "nixtract",
      "rev": "5b09dc45f24cf32316283e62aec81ffee3c3e376",
      "rev_count": 838708,
      "rev_date": "2025-08-03T09:47:33Z",
      "scrape_date": "2025-08-05T01:33:09.810452Z",
      "stabilities": [
        "unstable"
      ],
      "unfree": false,
      "version": "0.3.0",
      "outputs_to_install": [
        "out"
      ],
      "outputs": {
        "out": "/nix/store/jvmcf5rp45vadbxf3cv040i9pfy2dx42-nixtract-0.3.0"
      },
      "system": "x86_64-linux",
      "group": "toplevel",
      "priority": 5
    },
    {
      "attr_path": "nvfetcher",
      "broken": false,
      "derivation": "/nix/store/diwy46gbfs3iya81xd1f85nsnfk690rw-nvfetcher-0.7.0.0.drv",
      "description": "Generate nix sources expr for the latest version of packages",
      "install_id": "nvfetcher",
      "license": "MIT",
      "locked_url": "https://github.com/flox/nixpkgs?rev=5b09dc45f24cf32316283e62aec81ffee3c3e376",
      "name": "nvfetcher-0.7.0.0",
      "pname": "nvfetcher",
      "rev": "5b09dc45f24cf32316283e62aec81ffee3c3e376",
      "rev_count": 838708,
      "rev_date": "2025-08-03T09:47:33Z",
      "scrape_date": "2025-08-05T00:29:24.119928Z",
      "stabilities": [
        "unstable"
      ],
      "unfree": false,
      "version": "0.7.0.0",
      "outputs_to_install": [
        "out"
      ],
      "outputs": {
        "out": "/nix/store/374nc2p7gnmlzd7pxmmypmjif2g2k1qx-nvfetcher-0.7.0.0"
      },
      "system": "aarch64-darwin",
      "group": "toplevel",
      "priority": 5
    },
    {
      "attr_path": "nvfetcher",
      "broken": false,
      "derivation": "/nix/store/cg94h0v5ribrh2nvnpiqkyz3ijamr712-nvfetcher-0.7.0.0.drv",
      "description": "Generate nix sources expr for the latest version of packages",
      "install_id": "nvfetcher",
      "license": "MIT",
      "locked_url": "https://github.com/flox/nixpkgs?rev=5b09dc45f24cf32316283e62aec81ffee3c3e376",
      "name": "nvfetcher-0.7.0.0",
      "pname": "nvfetcher",
      "rev": "5b09dc45f24cf32316283e62aec81ffee3c3e376",
      "rev_count": 838708,
      "rev_date": "2025-08-03T09:47:33Z",
      "scrape_date": "2025-08-05T00:49:25.438286Z",
      "stabilities": [
        "unstable"
      ],
      "unfree": false,
      "version": "0.7.0.0",
      "outputs_to_install": [
        "out"
      ],
      "outputs": {
        "out": "/nix/store/lw8dkca3mpf82qiff59hg09yxk2bqn46-nvfetcher-0.7.0.0"
      },
      "system": "aarch64-linux",
      "group": "toplevel",
      "priority": 5
    },
    {
      "attr_path": "nvfetcher",
      "broken": false,
      "derivation": "/nix/store/0mcllm3rqir3wzp6y274c2ar27zf6ylm-nvfetcher-0.7.0.0.drv",
      "description": "Generate nix sources expr for the latest version of packages",
      "install_id": "nvfetcher",
      "license": "MIT",
      "locked_url": "https://github.com/flox/nixpkgs?rev=5b09dc45f24cf32316283e62aec81ffee3c3e376",
      "name": "nvfetcher-0.7.0.0",
      "pname": "nvfetcher",
      "rev": "5b09dc45f24cf32316283e62aec81ffee3c3e376",
      "rev_count": 838708,
      "rev_date": "2025-08-03T09:47:33Z",
      "scrape_date": "2025-08-05T01:08:52.342480Z",
      "stabilities": [
        "unstable"
      ],
      "unfree": false,
      "version": "0.7.0.0",
      "outputs_to_install": [
        "out"
      ],
      "outputs": {
        "out": "/nix/store/8agzfmh5v185vri80phsngfxwg6va8mg-nvfetcher-0.7.0.0"
      },
      "system": "x86_64-darwin",
      "group": "toplevel",
      "priority": 5
    },
    {
      "attr_path": "nvfetcher",
      "broken": false,
      "derivation": "/nix/store/sizx1msr6cwznalcdjqw68qg31b72krc-nvfetcher-0.7.0.0.drv",
      "description": "Generate nix sources expr for the latest version of packages",
      "install_id": "nvfetcher",
      "license": "MIT",
      "locked_url": "https://github.com/flox/nixpkgs?rev=5b09dc45f24cf32316283e62aec81ffee3c3e376",
      "name": "nvfetcher-0.7.0.0",
      "pname": "nvfetcher",
      "rev": "5b09dc45f24cf32316283e62aec81ffee3c3e376",
      "rev_count": 838708,
      "rev_date": "2025-08-03T09:47:33Z",
      "scrape_date": "2025-08-05T01:33:10.172615Z",
      "stabilities": [
        "unstable"
      ],
      "unfree": false,
      "version": "0.7.0.0",
      "outputs_to_install": [
        "out"
      ],
      "outputs": {
        "out": "/nix/store/qdvl9n0m3mqmx4pmhdd06mdrlfdldvnb-nvfetcher-0.7.0.0"
      },
      "system": "x86_64-linux",
      "group": "toplevel",
      "priority": 5
    },
    {
      "attr_path": "pass",
      "broken": false,
      "derivation": "/nix/store/rarvqm3kdwv5f50ds74ipz96nyrm1r23-password-store-1.7.4.drv",
      "description": "Stores, retrieves, generates, and synchronizes passwords securely",
      "install_id": "pass",
      "license": "GPL-2.0-or-later",
      "locked_url": "https://github.com/flox/nixpkgs?rev=5b09dc45f24cf32316283e62aec81ffee3c3e376",
      "name": "password-store-1.7.4",
      "pname": "pass",
      "rev": "5b09dc45f24cf32316283e62aec81ffee3c3e376",
      "rev_count": 838708,
      "rev_date": "2025-08-03T09:47:33Z",
      "scrape_date": "2025-08-05T00:29:25.037737Z",
      "stabilities": [
        "unstable"
      ],
      "unfree": false,
      "version": "1.7.4",
      "outputs_to_install": [
        "out"
      ],
      "outputs": {
        "out": "/nix/store/bg7d0ffvx1qzypvghh3xnsb24p0gq4hh-password-store-1.7.4"
      },
      "system": "aarch64-darwin",
      "group": "toplevel",
      "priority": 5
    },
    {
      "attr_path": "pass",
      "broken": false,
      "derivation": "/nix/store/lis3s9kkzk3c59dj3wry5q8af5jj0n94-password-store-1.7.4.drv",
      "description": "Stores, retrieves, generates, and synchronizes passwords securely",
      "install_id": "pass",
      "license": "GPL-2.0-or-later",
      "locked_url": "https://github.com/flox/nixpkgs?rev=5b09dc45f24cf32316283e62aec81ffee3c3e376",
      "name": "password-store-1.7.4",
      "pname": "pass",
      "rev": "5b09dc45f24cf32316283e62aec81ffee3c3e376",
      "rev_count": 838708,
      "rev_date": "2025-08-03T09:47:33Z",
      "scrape_date": "2025-08-05T00:49:28.096557Z",
      "stabilities": [
        "unstable"
      ],
      "unfree": false,
      "version": "1.7.4",
      "outputs_to_install": [
        "out"
      ],
      "outputs": {
        "out": "/nix/store/jm8p285sxy74dk4scxilfmnzlph49ph7-password-store-1.7.4"
      },
      "system": "aarch64-linux",
      "group": "toplevel",
      "priority": 5
    },
    {
      "attr_path": "pass",
      "broken": false,
      "derivation": "/nix/store/kirs1595fj5fqhmgf6pkh21x7xhh0x36-password-store-1.7.4.drv",
      "description": "Stores, retrieves, generates, and synchronizes passwords securely",
      "install_id": "pass",
      "license": "GPL-2.0-or-later",
      "locked_url": "https://github.com/flox/nixpkgs?rev=5b09dc45f24cf32316283e62aec81ffee3c3e376",
      "name": "password-store-1.7.4",
      "pname": "pass",
      "rev": "5b09dc45f24cf32316283e62aec81ffee3c3e376",
      "rev_count": 838708,
      "rev_date": "2025-08-03T09:47:33Z",
      "scrape_date": "2025-08-05T01:08:53.268457Z",
      "stabilities": [
        "unstable"
      ],
      "unfree": false,
      "version": "1.7.4",
      "outputs_to_install": [
        "out"
      ],
      "outputs": {
        "out": "/nix/store/0bm46fvca216gr86ik0adkh5rdbd5622-password-store-1.7.4"
      },
      "system": "x86_64-darwin",
      "group": "toplevel",
      "priority": 5
    },
    {
      "attr_path": "pass",
      "broken": false,
      "derivation": "/nix/store/91b6s6cd15fm5g8pn7ldds18ksa9vf67-password-store-1.7.4.drv",
      "description": "Stores, retrieves, generates, and synchronizes passwords securely",
      "install_id": "pass",
      "license": "GPL-2.0-or-later",
      "locked_url": "https://github.com/flox/nixpkgs?rev=5b09dc45f24cf32316283e62aec81ffee3c3e376",
      "name": "password-store-1.7.4",
      "pname": "pass",
      "rev": "5b09dc45f24cf32316283e62aec81ffee3c3e376",
      "rev_count": 838708,
      "rev_date": "2025-08-03T09:47:33Z",
      "scrape_date": "2025-08-05T01:33:12.387243Z",
      "stabilities": [
        "unstable"
      ],
      "unfree": false,
      "version": "1.7.4",
      "outputs_to_install": [
        "out"
      ],
      "outputs": {
        "out": "/nix/store/xjnggpsv8fb2fp20kr9iq7ffncpc64nj-password-store-1.7.4"
      },
      "system": "x86_64-linux",
      "group": "toplevel",
      "priority": 5
    },
    {
      "attr_path": "pstree",
      "broken": false,
      "derivation": "/nix/store/sf6jsm344i2122x4l2kl0dj3hnlln4z6-pstree-2.39.drv",
      "description": "Show the set of running processes as a tree",
      "install_id": "pstree",
      "license": "GPL-2.0",
      "locked_url": "https://github.com/flox/nixpkgs?rev=5b09dc45f24cf32316283e62aec81ffee3c3e376",
      "name": "pstree-2.39",
      "pname": "pstree",
      "rev": "5b09dc45f24cf32316283e62aec81ffee3c3e376",
      "rev_count": 838708,
      "rev_date": "2025-08-03T09:47:33Z",
      "scrape_date": "2025-08-05T00:29:30.030529Z",
      "stabilities": [
        "unstable"
      ],
      "unfree": false,
      "version": "2.39",
      "outputs_to_install": [
        "out"
      ],
      "outputs": {
        "out": "/nix/store/mhnd6aj6rqq0vvkydkra0h6k8jr7a8ks-pstree-2.39"
      },
      "system": "aarch64-darwin",
      "group": "toplevel",
      "priority": 5
    },
    {
      "attr_path": "pstree",
      "broken": false,
      "derivation": "/nix/store/sgkq6081zyb702iay3sbjk774gkg506r-pstree-2.39.drv",
      "description": "Show the set of running processes as a tree",
      "install_id": "pstree",
      "license": "GPL-2.0",
      "locked_url": "https://github.com/flox/nixpkgs?rev=5b09dc45f24cf32316283e62aec81ffee3c3e376",
      "name": "pstree-2.39",
      "pname": "pstree",
      "rev": "5b09dc45f24cf32316283e62aec81ffee3c3e376",
      "rev_count": 838708,
      "rev_date": "2025-08-03T09:47:33Z",
      "scrape_date": "2025-08-05T00:49:36.975443Z",
      "stabilities": [
        "unstable"
      ],
      "unfree": false,
      "version": "2.39",
      "outputs_to_install": [
        "out"
      ],
      "outputs": {
        "out": "/nix/store/k820a8fmwsjq42y49abhy17jgsj28fj5-pstree-2.39"
      },
      "system": "aarch64-linux",
      "group": "toplevel",
      "priority": 5
    },
    {
      "attr_path": "pstree",
      "broken": false,
      "derivation": "/nix/store/8jrfhh9rzl6wclzkdb0403yzlcjlvr8p-pstree-2.39.drv",
      "description": "Show the set of running processes as a tree",
      "install_id": "pstree",
      "license": "GPL-2.0",
      "locked_url": "https://github.com/flox/nixpkgs?rev=5b09dc45f24cf32316283e62aec81ffee3c3e376",
      "name": "pstree-2.39",
      "pname": "pstree",
      "rev": "5b09dc45f24cf32316283e62aec81ffee3c3e376",
      "rev_count": 838708,
      "rev_date": "2025-08-03T09:47:33Z",
      "scrape_date": "2025-08-05T01:08:58.293167Z",
      "stabilities": [
        "unstable"
      ],
      "unfree": false,
      "version": "2.39",
      "outputs_to_install": [
        "out"
      ],
      "outputs": {
        "out": "/nix/store/086v3v56b01v73yz2hh1gmk9ja9k8ida-pstree-2.39"
      },
      "system": "x86_64-darwin",
      "group": "toplevel",
      "priority": 5
    },
    {
      "attr_path": "pstree",
      "broken": false,
      "derivation": "/nix/store/ir84am30m8f1pxzbk95prd0v9i3j0ymn-pstree-2.39.drv",
      "description": "Show the set of running processes as a tree",
      "install_id": "pstree",
      "license": "GPL-2.0",
      "locked_url": "https://github.com/flox/nixpkgs?rev=5b09dc45f24cf32316283e62aec81ffee3c3e376",
      "name": "pstree-2.39",
      "pname": "pstree",
      "rev": "5b09dc45f24cf32316283e62aec81ffee3c3e376",
      "rev_count": 838708,
      "rev_date": "2025-08-03T09:47:33Z",
      "scrape_date": "2025-08-05T01:33:21.836677Z",
      "stabilities": [
        "unstable"
      ],
      "unfree": false,
      "version": "2.39",
      "outputs_to_install": [
        "out"
      ],
      "outputs": {
        "out": "/nix/store/ilyf4xwsx0l8zgpqklg11bzhjqwapisa-pstree-2.39"
      },
      "system": "x86_64-linux",
      "group": "toplevel",
      "priority": 5
    }
  ]
}