{
  "lockfile-version": 1,
  "manifest": {
    "version": 1,
    "install": {
      "nix-tree": {
        "pkg-path": "nix-tree"
      },
      "nixd": {
        "pkg-path": "nixd"
      },
      "nixtract": {
        "pkg-path": "nixtract"
      },
      "nvfetcher": {
        "pkg-path": "nvfetcher"
      },
      "pstree": {
        "pkg-path": "pstree"
      }
    },
    "hook": {},
    "profile": {},
    "options": {
      "systems": [
        "aarch64-darwin",
        "aarch64-linux",
        "x86_64-darwin",
        "x86_64-linux"
      ]
    }
  },
  "packages": [
    {
      "attr_path": "nix-tree",
      "broken": false,
      "derivation": "/nix/store/lp5qvqv4qqn82p8svyq68mvbsv2rscv4-nix-tree-0.6.1.drv",
      "description": "Interactively browse a Nix store paths dependencies",
      "install_id": "nix-tree",
      "license": "BSD-3-Clause",
      "locked_url": "https://github.com/flox/nixpkgs?rev=d89fc19e405cb2d55ce7cc114356846a0ee5e956",
      "name": "nix-tree-0.6.1",
      "pname": "nix-tree",
      "rev": "d89fc19e405cb2d55ce7cc114356846a0ee5e956",
      "rev_count": 797896,
      "rev_date": "2025-05-10T19:10:37Z",
      "scrape_date": "2025-05-13T04:25:19.473551Z",
      "stabilities": [
        "unstable"
      ],
      "unfree": false,
      "version": "0.6.1",
      "outputs_to_install": [
        "out"
      ],
      "outputs": {
        "out": "/nix/store/h0fazh93hfrv5jj4cjmdyf3dr7vlfr60-nix-tree-0.6.1"
      },
      "system": "aarch64-darwin",
      "group": "toplevel",
      "priority": 5
    },
    {
      "attr_path": "nix-tree",
      "broken": false,
      "derivation": "/nix/store/h9g9bm9j7866nhh6s6h6jl4r0chbx91p-nix-tree-0.6.1.drv",
      "description": "Interactively browse a Nix store paths dependencies",
      "install_id": "nix-tree",
      "license": "BSD-3-Clause",
      "locked_url": "https://github.com/flox/nixpkgs?rev=d89fc19e405cb2d55ce7cc114356846a0ee5e956",
      "name": "nix-tree-0.6.1",
      "pname": "nix-tree",
      "rev": "d89fc19e405cb2d55ce7cc114356846a0ee5e956",
      "rev_count": 797896,
      "rev_date": "2025-05-10T19:10:37Z",
      "scrape_date": "2025-05-13T04:48:17.891005Z",
      "stabilities": [
        "unstable"
      ],
      "unfree": false,
      "version": "0.6.1",
      "outputs_to_install": [
        "out"
      ],
      "outputs": {
        "out": "/nix/store/pcflag9ffnw8zgm49vg2qvvzklpr3k25-nix-tree-0.6.1"
      },
      "system": "aarch64-linux",
      "group": "toplevel",
      "priority": 5
    },
    {
      "attr_path": "nix-tree",
      "broken": false,
      "derivation": "/nix/store/4k7i5x3c6l7rrx3xnfd5zx8nfw3n5fx2-nix-tree-0.6.1.drv",
      "description": "Interactively browse a Nix store paths dependencies",
      "install_id": "nix-tree",
      "license": "BSD-3-Clause",
      "locked_url": "https://github.com/flox/nixpkgs?rev=d89fc19e405cb2d55ce7cc114356846a0ee5e956",
      "name": "nix-tree-0.6.1",
      "pname": "nix-tree",
      "rev": "d89fc19e405cb2d55ce7cc114356846a0ee5e956",
      "rev_count": 797896,
      "rev_date": "2025-05-10T19:10:37Z",
      "scrape_date": "2025-05-13T05:08:14.189848Z",
      "stabilities": [
        "unstable"
      ],
      "unfree": false,
      "version": "0.6.1",
      "outputs_to_install": [
        "out"
      ],
      "outputs": {
        "out": "/nix/store/59c0gzd1vhf6879rwiivvcjgqbprsfh4-nix-tree-0.6.1"
      },
      "system": "x86_64-darwin",
      "group": "toplevel",
      "priority": 5
    },
    {
      "attr_path": "nix-tree",
      "broken": false,
      "derivation": "/nix/store/c73vbi39v8igqidndrq8z9gsvw2il80m-nix-tree-0.6.1.drv",
      "description": "Interactively browse a Nix store paths dependencies",
      "install_id": "nix-tree",
      "license": "BSD-3-Clause",
      "locked_url": "https://github.com/flox/nixpkgs?rev=d89fc19e405cb2d55ce7cc114356846a0ee5e956",
      "name": "nix-tree-0.6.1",
      "pname": "nix-tree",
      "rev": "d89fc19e405cb2d55ce7cc114356846a0ee5e956",
      "rev_count": 797896,
      "rev_date": "2025-05-10T19:10:37Z",
      "scrape_date": "2025-05-13T05:34:31.358834Z",
      "stabilities": [
        "unstable"
      ],
      "unfree": false,
      "version": "0.6.1",
      "outputs_to_install": [
        "out"
      ],
      "outputs": {
        "out": "/nix/store/2iqf8hh2cc502x5rx2r3b9p0makk562k-nix-tree-0.6.1"
      },
      "system": "x86_64-linux",
      "group": "toplevel",
      "priority": 5
    },
    {
      "attr_path": "nixd",
      "broken": false,
      "derivation": "/nix/store/9qcig609y34933y085v5i0d24ny4s4sl-nixd-2.6.3.drv",
      "description": "Feature-rich Nix language server interoperating with C++ nix",
      "install_id": "nixd",
      "license": "LGPL-3.0-or-later",
      "locked_url": "https://github.com/flox/nixpkgs?rev=d89fc19e405cb2d55ce7cc114356846a0ee5e956",
      "name": "nixd-2.6.3",
      "pname": "nixd",
      "rev": "d89fc19e405cb2d55ce7cc114356846a0ee5e956",
      "rev_count": 797896,
      "rev_date": "2025-05-10T19:10:37Z",
      "scrape_date": "2025-05-13T04:25:19.484993Z",
      "stabilities": [
        "unstable"
      ],
      "unfree": false,
      "version": "2.6.3",
      "outputs_to_install": [
        "out"
      ],
      "outputs": {
        "out": "/nix/store/hik861z6ccaykhqvjvrs9id6khsgxphd-nixd-2.6.3"
      },
      "system": "aarch64-darwin",
      "group": "toplevel",
      "priority": 5
    },
    {
      "attr_path": "nixd",
      "broken": false,
      "derivation": "/nix/store/dml9z06z684hq1853p691b5bhz30ypg0-nixd-2.6.3.drv",
      "description": "Feature-rich Nix language server interoperating with C++ nix",
      "install_id": "nixd",
      "license": "LGPL-3.0-or-later",
      "locked_url": "https://github.com/flox/nixpkgs?rev=d89fc19e405cb2d55ce7cc114356846a0ee5e956",
      "name": "nixd-2.6.3",
      "pname": "nixd",
      "rev": "d89fc19e405cb2d55ce7cc114356846a0ee5e956",
      "rev_count": 797896,
      "rev_date": "2025-05-10T19:10:37Z",
      "scrape_date": "2025-05-13T04:48:17.911980Z",
      "stabilities": [
        "unstable"
      ],
      "unfree": false,
      "version": "2.6.3",
      "outputs_to_install": [
        "out"
      ],
      "outputs": {
        "out": "/nix/store/8ly6m3xpam5xfcn288pzbpj6ip1v132k-nixd-2.6.3"
      },
      "system": "aarch64-linux",
      "group": "toplevel",
      "priority": 5
    },
    {
      "attr_path": "nixd",
      "broken": false,
      "derivation": "/nix/store/vgnc6d0bkpvgaq216xyfjgykr3zypdjb-nixd-2.6.3.drv",
      "description": "Feature-rich Nix language server interoperating with C++ nix",
      "install_id": "nixd",
      "license": "LGPL-3.0-or-later",
      "locked_url": "https://github.com/flox/nixpkgs?rev=d89fc19e405cb2d55ce7cc114356846a0ee5e956",
      "name": "nixd-2.6.3",
      "pname": "nixd",
      "rev": "d89fc19e405cb2d55ce7cc114356846a0ee5e956",
      "rev_count": 797896,
      "rev_date": "2025-05-10T19:10:37Z",
      "scrape_date": "2025-05-13T05:08:14.201497Z",
      "stabilities": [
        "unstable"
      ],
      "unfree": false,
      "version": "2.6.3",
      "outputs_to_install": [
        "out"
      ],
      "outputs": {
        "out": "/nix/store/v2lc4xvhi0z51qx04shsza2jnbndkh31-nixd-2.6.3"
      },
      "system": "x86_64-darwin",
      "group": "toplevel",
      "priority": 5
    },
    {
      "attr_path": "nixd",
      "broken": false,
      "derivation": "/nix/store/qa721irs2cw9kbpw76dhvs9hj9spw0cl-nixd-2.6.3.drv",
      "description": "Feature-rich Nix language server interoperating with C++ nix",
      "install_id": "nixd",
      "license": "LGPL-3.0-or-later",
      "locked_url": "https://github.com/flox/nixpkgs?rev=d89fc19e405cb2d55ce7cc114356846a0ee5e956",
      "name": "nixd-2.6.3",
      "pname": "nixd",
      "rev": "d89fc19e405cb2d55ce7cc114356846a0ee5e956",
      "rev_count": 797896,
      "rev_date": "2025-05-10T19:10:37Z",
      "scrape_date": "2025-05-13T05:34:31.381532Z",
      "stabilities": [
        "unstable"
      ],
      "unfree": false,
      "version": "2.6.3",
      "outputs_to_install": [
        "out"
      ],
      "outputs": {
        "out": "/nix/store/vx0kj42s9myq1475hmqbcg6fxdbwhzzv-nixd-2.6.3"
      },
      "system": "x86_64-linux",
      "group": "toplevel",
      "priority": 5
    },
    {
      "attr_path": "nixtract",
      "broken": false,
      "derivation": "/nix/store/vxkclbfyh7n3ylvs1lrihw52l82z5zix-nixtract-0.3.0.drv",
      "description": "CLI tool to extract the graph of derivations from a Nix flake",
      "install_id": "nixtract",
      "license": "[ MIT, Apache-2.0 ]",
      "locked_url": "https://github.com/flox/nixpkgs?rev=d89fc19e405cb2d55ce7cc114356846a0ee5e956",
      "name": "nixtract-0.3.0",
      "pname": "nixtract",
      "rev": "d89fc19e405cb2d55ce7cc114356846a0ee5e956",
      "rev_count": 797896,
      "rev_date": "2025-05-10T19:10:37Z",
      "scrape_date": "2025-05-13T04:25:19.502637Z",
      "stabilities": [
        "unstable"
      ],
      "unfree": false,
      "version": "0.3.0",
      "outputs_to_install": [
        "out"
      ],
      "outputs": {
        "out": "/nix/store/bwv2b8awrag97kzpfd6fqrsvjmfl66f7-nixtract-0.3.0"
      },
      "system": "aarch64-darwin",
      "group": "toplevel",
      "priority": 5
    },
    {
      "attr_path": "nixtract",
      "broken": false,
      "derivation": "/nix/store/q7x90sacvycsqrj2x0ig1fjfy90gpasm-nixtract-0.3.0.drv",
      "description": "CLI tool to extract the graph of derivations from a Nix flake",
      "install_id": "nixtract",
      "license": "[ MIT, Apache-2.0 ]",
      "locked_url": "https://github.com/flox/nixpkgs?rev=d89fc19e405cb2d55ce7cc114356846a0ee5e956",
      "name": "nixtract-0.3.0",
      "pname": "nixtract",
      "rev": "d89fc19e405cb2d55ce7cc114356846a0ee5e956",
      "rev_count": 797896,
      "rev_date": "2025-05-10T19:10:37Z",
      "scrape_date": "2025-05-13T04:48:17.951082Z",
      "stabilities": [
        "unstable"
      ],
      "unfree": false,
      "version": "0.3.0",
      "outputs_to_install": [
        "out"
      ],
      "outputs": {
        "out": "/nix/store/xh8vsfjb3aylk7cc4q20i7p7mfdg7akm-nixtract-0.3.0"
      },
      "system": "aarch64-linux",
      "group": "toplevel",
      "priority": 5
    },
    {
      "attr_path": "nixtract",
      "broken": false,
      "derivation": "/nix/store/j2l8fa4vzavdb4dj9zwh63w97np6dgfl-nixtract-0.3.0.drv",
      "description": "CLI tool to extract the graph of derivations from a Nix flake",
      "install_id": "nixtract",
      "license": "[ MIT, Apache-2.0 ]",
      "locked_url": "https://github.com/flox/nixpkgs?rev=d89fc19e405cb2d55ce7cc114356846a0ee5e956",
      "name": "nixtract-0.3.0",
      "pname": "nixtract",
      "rev": "d89fc19e405cb2d55ce7cc114356846a0ee5e956",
      "rev_count": 797896,
      "rev_date": "2025-05-10T19:10:37Z",
      "scrape_date": "2025-05-13T05:08:14.219440Z",
      "stabilities": [
        "unstable"
      ],
      "unfree": false,
      "version": "0.3.0",
      "outputs_to_install": [
        "out"
      ],
      "outputs": {
        "out": "/nix/store/dhvylvlmi83f78yjf6a1ickdn1ffzvzw-nixtract-0.3.0"
      },
      "system": "x86_64-darwin",
      "group": "toplevel",
      "priority": 5
    },
    {
      "attr_path": "nixtract",
      "broken": false,
      "derivation": "/nix/store/q2bayp5w7h6hl0l03nrk2r0517ikk38p-nixtract-0.3.0.drv",
      "description": "CLI tool to extract the graph of derivations from a Nix flake",
      "install_id": "nixtract",
      "license": "[ MIT, Apache-2.0 ]",
      "locked_url": "https://github.com/flox/nixpkgs?rev=d89fc19e405cb2d55ce7cc114356846a0ee5e956",
      "name": "nixtract-0.3.0",
      "pname": "nixtract",
      "rev": "d89fc19e405cb2d55ce7cc114356846a0ee5e956",
      "rev_count": 797896,
      "rev_date": "2025-05-10T19:10:37Z",
      "scrape_date": "2025-05-13T05:34:31.423491Z",
      "stabilities": [
        "unstable"
      ],
      "unfree": false,
      "version": "0.3.0",
      "outputs_to_install": [
        "out"
      ],
      "outputs": {
        "out": "/nix/store/55axmk8shpxjpp0fq9nw6zys9ywy7haq-nixtract-0.3.0"
      },
      "system": "x86_64-linux",
      "group": "toplevel",
      "priority": 5
    },
    {
      "attr_path": "nvfetcher",
      "broken": false,
      "derivation": "/nix/store/8k9d2qbcil80zibgv0jn40ix8d7a160i-nvfetcher-0.7.0.0.drv",
      "description": "Generate nix sources expr for the latest version of packages",
      "install_id": "nvfetcher",
      "license": "MIT",
      "locked_url": "https://github.com/flox/nixpkgs?rev=d89fc19e405cb2d55ce7cc114356846a0ee5e956",
      "name": "nvfetcher-0.7.0.0",
      "pname": "nvfetcher",
      "rev": "d89fc19e405cb2d55ce7cc114356846a0ee5e956",
      "rev_count": 797896,
      "rev_date": "2025-05-10T19:10:37Z",
      "scrape_date": "2025-05-13T04:25:19.598234Z",
      "stabilities": [
        "unstable"
      ],
      "unfree": false,
      "version": "0.7.0.0",
      "outputs_to_install": [
        "out"
      ],
      "outputs": {
        "out": "/nix/store/dwqpx38ggx3dq2vfj0xfn90hihsxfx2i-nvfetcher-0.7.0.0"
      },
      "system": "aarch64-darwin",
      "group": "toplevel",
      "priority": 5
    },
    {
      "attr_path": "nvfetcher",
      "broken": false,
      "derivation": "/nix/store/j5kxkjjjr2jwman578h754acbjsjih96-nvfetcher-0.7.0.0.drv",
      "description": "Generate nix sources expr for the latest version of packages",
      "install_id": "nvfetcher",
      "license": "MIT",
      "locked_url": "https://github.com/flox/nixpkgs?rev=d89fc19e405cb2d55ce7cc114356846a0ee5e956",
      "name": "nvfetcher-0.7.0.0",
      "pname": "nvfetcher",
      "rev": "d89fc19e405cb2d55ce7cc114356846a0ee5e956",
      "rev_count": 797896,
      "rev_date": "2025-05-10T19:10:37Z",
      "scrape_date": "2025-05-13T04:48:18.173933Z",
      "stabilities": [
        "unstable"
      ],
      "unfree": false,
      "version": "0.7.0.0",
      "outputs_to_install": [
        "out"
      ],
      "outputs": {
        "out": "/nix/store/hnykry0h3rxilm87yn22800ay19fflp3-nvfetcher-0.7.0.0"
      },
      "system": "aarch64-linux",
      "group": "toplevel",
      "priority": 5
    },
    {
      "attr_path": "nvfetcher",
      "broken": false,
      "derivation": "/nix/store/4k0z0137pvlcg3n2p2180acs144y90a7-nvfetcher-0.7.0.0.drv",
      "description": "Generate nix sources expr for the latest version of packages",
      "install_id": "nvfetcher",
      "license": "MIT",
      "locked_url": "https://github.com/flox/nixpkgs?rev=d89fc19e405cb2d55ce7cc114356846a0ee5e956",
      "name": "nvfetcher-0.7.0.0",
      "pname": "nvfetcher",
      "rev": "d89fc19e405cb2d55ce7cc114356846a0ee5e956",
      "rev_count": 797896,
      "rev_date": "2025-05-10T19:10:37Z",
      "scrape_date": "2025-05-13T05:08:14.317586Z",
      "stabilities": [
        "unstable"
      ],
      "unfree": false,
      "version": "0.7.0.0",
      "outputs_to_install": [
        "out"
      ],
      "outputs": {
        "out": "/nix/store/9kkbl53pyzgf7ivky3wgkyn7mjv69w1k-nvfetcher-0.7.0.0"
      },
      "system": "x86_64-darwin",
      "group": "toplevel",
      "priority": 5
    },
    {
      "attr_path": "nvfetcher",
      "broken": false,
      "derivation": "/nix/store/4qmdrxh64q4d8gpyiypcn78db5idnynm-nvfetcher-0.7.0.0.drv",
      "description": "Generate nix sources expr for the latest version of packages",
      "install_id": "nvfetcher",
      "license": "MIT",
      "locked_url": "https://github.com/flox/nixpkgs?rev=d89fc19e405cb2d55ce7cc114356846a0ee5e956",
      "name": "nvfetcher-0.7.0.0",
      "pname": "nvfetcher",
      "rev": "d89fc19e405cb2d55ce7cc114356846a0ee5e956",
      "rev_count": 797896,
      "rev_date": "2025-05-10T19:10:37Z",
      "scrape_date": "2025-05-13T05:34:31.668821Z",
      "stabilities": [
        "unstable"
      ],
      "unfree": false,
      "version": "0.7.0.0",
      "outputs_to_install": [
        "out"
      ],
      "outputs": {
        "out": "/nix/store/y2k0cg1q5kmywijja8jxcxsgcw9bvbnh-nvfetcher-0.7.0.0"
      },
      "system": "x86_64-linux",
      "group": "toplevel",
      "priority": 5
    },
    {
      "attr_path": "pstree",
      "broken": false,
      "derivation": "/nix/store/man9lkjabdwmn6wfq38lq4amzldm3i6i-pstree-2.39.drv",
      "description": "Show the set of running processes as a tree",
      "install_id": "pstree",
      "license": "GPL-2.0",
      "locked_url": "https://github.com/flox/nixpkgs?rev=d89fc19e405cb2d55ce7cc114356846a0ee5e956",
      "name": "pstree-2.39",
      "pname": "pstree",
      "rev": "d89fc19e405cb2d55ce7cc114356846a0ee5e956",
      "rev_count": 797896,
      "rev_date": "2025-05-10T19:10:37Z",
      "scrape_date": "2025-05-13T04:25:25.181604Z",
      "stabilities": [
        "unstable"
      ],
      "unfree": false,
      "version": "2.39",
      "outputs_to_install": [
        "out"
      ],
      "outputs": {
        "out": "/nix/store/m4lhcdvsryd1li22bpd6prpirzp1xfdl-pstree-2.39"
      },
      "system": "aarch64-darwin",
      "group": "toplevel",
      "priority": 5
    },
    {
      "attr_path": "pstree",
      "broken": false,
      "derivation": "/nix/store/k5hhwvrrwdym6yi0alf040s4q9gn6db6-pstree-2.39.drv",
      "description": "Show the set of running processes as a tree",
      "install_id": "pstree",
      "license": "GPL-2.0",
      "locked_url": "https://github.com/flox/nixpkgs?rev=d89fc19e405cb2d55ce7cc114356846a0ee5e956",
      "name": "pstree-2.39",
      "pname": "pstree",
      "rev": "d89fc19e405cb2d55ce7cc114356846a0ee5e956",
      "rev_count": 797896,
      "rev_date": "2025-05-10T19:10:37Z",
      "scrape_date": "2025-05-13T04:48:28.659587Z",
      "stabilities": [
        "unstable"
      ],
      "unfree": false,
      "version": "2.39",
      "outputs_to_install": [
        "out"
      ],
      "outputs": {
        "out": "/nix/store/vixqsczl2vhrnbv2f860mnjih9p72lwi-pstree-2.39"
      },
      "system": "aarch64-linux",
      "group": "toplevel",
      "priority": 5
    },
    {
      "attr_path": "pstree",
      "broken": false,
      "derivation": "/nix/store/13hqapfsjn9kxdnrxk26vaqm06bxzpyi-pstree-2.39.drv",
      "description": "Show the set of running processes as a tree",
      "install_id": "pstree",
      "license": "GPL-2.0",
      "locked_url": "https://github.com/flox/nixpkgs?rev=d89fc19e405cb2d55ce7cc114356846a0ee5e956",
      "name": "pstree-2.39",
      "pname": "pstree",
      "rev": "d89fc19e405cb2d55ce7cc114356846a0ee5e956",
      "rev_count": 797896,
      "rev_date": "2025-05-10T19:10:37Z",
      "scrape_date": "2025-05-13T05:08:19.970921Z",
      "stabilities": [
        "unstable"
      ],
      "unfree": false,
      "version": "2.39",
      "outputs_to_install": [
        "out"
      ],
      "outputs": {
        "out": "/nix/store/z2hmv3il4gc5qbmam526lxzhxxc200dd-pstree-2.39"
      },
      "system": "x86_64-darwin",
      "group": "toplevel",
      "priority": 5
    },
    {
      "attr_path": "pstree",
      "broken": false,
      "derivation": "/nix/store/r1bxq76bnlll2ryr9sdmwfkmkrpqdkhv-pstree-2.39.drv",
      "description": "Show the set of running processes as a tree",
      "install_id": "pstree",
      "license": "GPL-2.0",
      "locked_url": "https://github.com/flox/nixpkgs?rev=d89fc19e405cb2d55ce7cc114356846a0ee5e956",
      "name": "pstree-2.39",
      "pname": "pstree",
      "rev": "d89fc19e405cb2d55ce7cc114356846a0ee5e956",
      "rev_count": 797896,
      "rev_date": "2025-05-10T19:10:37Z",
      "scrape_date": "2025-05-13T05:34:42.982940Z",
      "stabilities": [
        "unstable"
      ],
      "unfree": false,
      "version": "2.39",
      "outputs_to_install": [
        "out"
      ],
      "outputs": {
        "out": "/nix/store/c4gmqsh6s12m20jjrr16g9x9y8mq6dzg-pstree-2.39"
      },
      "system": "x86_64-linux",
      "group": "toplevel",
      "priority": 5
    }
  ]
}